
Microsoft Visual Studio Solution File, Format Version 12.00
# Visual Studio Version 17
VisualStudioVersion = 17.5.33424.131
MinimumVisualStudioVersion = 10.0.40219.1
Project("{9A19103F-16F7-4668-BE54-9A1E7A4F7556}") = "StaplePuck.Core", "src\StaplePuck.Core\StaplePuck.Core.csproj", "{673868B7-3ABD-4664-9F20-33DAB8ECCBD1}"
EndProject
Project("{9A19103F-16F7-4668-BE54-9A1E7A4F7556}") = "StaplePuck.Data", "src\StaplePuck.Data\StaplePuck.Data.csproj", "{3B92E4E6-6191-4DFB-B298-8C0803A6BECE}"
EndProject
Project("{9A19103F-16F7-4668-BE54-9A1E7A4F7556}") = "StaplePuck.Data.Tests", "test\StaplePuck.Data.Tests\StaplePuck.Data.Tests.csproj", "{FCF33479-A7D2-47DB-A46A-4DC72AB132F8}"
EndProject
Project("{9A19103F-16F7-4668-BE54-9A1E7A4F7556}") = "StaplePuck.API4", "src\StaplePuck.API4\StaplePuck.API4.csproj", "{C6375D62-BCAA-4FF3-8275-1F023825E71C}"
EndProject
Global
	GlobalSection(SolutionConfigurationPlatforms) = preSolution
		Debug|Any CPU = Debug|Any CPU
		Release|Any CPU = Release|Any CPU
	EndGlobalSection
	GlobalSection(ProjectConfigurationPlatforms) = postSolution
		{673868B7-3ABD-4664-9F20-33DAB8ECCBD1}.Debug|Any CPU.ActiveCfg = Debug|Any CPU
		{673868B7-3ABD-4664-9F20-33DAB8ECCBD1}.Debug|Any CPU.Build.0 = Debug|Any CPU
		{673868B7-3ABD-4664-9F20-33DAB8ECCBD1}.Release|Any CPU.ActiveCfg = Release|Any CPU
		{673868B7-3ABD-4664-9F20-33DAB8ECCBD1}.Release|Any CPU.Build.0 = Release|Any CPU
		{3B92E4E6-6191-4DFB-B298-8C0803A6BECE}.Debug|Any CPU.ActiveCfg = Debug|Any CPU
		{3B92E4E6-6191-4DFB-B298-8C0803A6BECE}.Debug|Any CPU.Build.0 = Debug|Any CPU
		{3B92E4E6-6191-4DFB-B298-8C0803A6BECE}.Release|Any CPU.ActiveCfg = Release|Any CPU
		{3B92E4E6-6191-4DFB-B298-8C0803A6BECE}.Release|Any CPU.Build.0 = Release|Any CPU
		{FCF33479-A7D2-47DB-A46A-4DC72AB132F8}.Debug|Any CPU.ActiveCfg = Debug|Any CPU
		{FCF33479-A7D2-47DB-A46A-4DC72AB132F8}.Debug|Any CPU.Build.0 = Debug|Any CPU
		{FCF33479-A7D2-47DB-A46A-4DC72AB132F8}.Release|Any CPU.ActiveCfg = Release|Any CPU
		{FCF33479-A7D2-47DB-A46A-4DC72AB132F8}.Release|Any CPU.Build.0 = Release|Any CPU
		{C6375D62-BCAA-4FF3-8275-1F023825E71C}.Debug|Any CPU.ActiveCfg = Debug|Any CPU
		{C6375D62-BCAA-4FF3-8275-1F023825E71C}.Debug|Any CPU.Build.0 = Debug|Any CPU
		{C6375D62-BCAA-4FF3-8275-1F023825E71C}.Release|Any CPU.ActiveCfg = Release|Any CPU
		{C6375D62-BCAA-4FF3-8275-1F023825E71C}.Release|Any CPU.Build.0 = Release|Any CPU
	EndGlobalSection
	GlobalSection(SolutionProperties) = preSolution
		HideSolutionNode = FALSE
	EndGlobalSection
	GlobalSection(ExtensibilityGlobals) = postSolution
		SolutionGuid = {139E71A3-572C-4E56-9A9C-80A85BA607FB}
	EndGlobalSection
EndGlobal
