
Microsoft Visual Studio Solution File, Format Version 12.00
# Visual Studio Version 17
VisualStudioVersion = 17.1.32407.343
MinimumVisualStudioVersion = 10.0.40219.1
Project("{9A19103F-16F7-4668-BE54-9A1E7A4F7556}") = "StaplePuck.API", "src\StaplePuck.API\StaplePuck.API.csproj", "{4CDAC620-2587-4E99-906A-92E7BF174D32}"
EndProject
Project("{9A19103F-16F7-4668-BE54-9A1E7A4F7556}") = "StaplePuck.Core", "src\StaplePuck.Core\StaplePuck.Core.csproj", "{673868B7-3ABD-4664-9F20-33DAB8ECCBD1}"
EndProject
Project("{9A19103F-16F7-4668-BE54-9A1E7A4F7556}") = "StaplePuck.Data", "src\StaplePuck.Data\StaplePuck.Data.csproj", "{3B92E4E6-6191-4DFB-B298-8C0803A6BECE}"
EndProject
Project("{E53339B2-1760-4266-BCC7-CA923CBCF16C}") = "docker-compose", "docker-compose.dcproj", "{9D86512E-6CB3-48DD-9EA0-F79FC4A107D7}"
EndProject
Project("{9A19103F-16F7-4668-BE54-9A1E7A4F7556}") = "StaplePuck.Data.Tests", "test\StaplePuck.Data.Tests\StaplePuck.Data.Tests.csproj", "{FCF33479-A7D2-47DB-A46A-4DC72AB132F8}"
EndProject
Global
	GlobalSection(SolutionConfigurationPlatforms) = preSolution
		Debug|Any CPU = Debug|Any CPU
		Release|Any CPU = Release|Any CPU
	EndGlobalSection
	GlobalSection(ProjectConfigurationPlatforms) = postSolution
		{4CDAC620-2587-4E99-906A-92E7BF174D32}.Debug|Any CPU.ActiveCfg = Debug|Any CPU
		{4CDAC620-2587-4E99-906A-92E7BF174D32}.Debug|Any CPU.Build.0 = Debug|Any CPU
		{4CDAC620-2587-4E99-906A-92E7BF174D32}.Release|Any CPU.ActiveCfg = Release|Any CPU
		{4CDAC620-2587-4E99-906A-92E7BF174D32}.Release|Any CPU.Build.0 = Release|Any CPU
		{673868B7-3ABD-4664-9F20-33DAB8ECCBD1}.Debug|Any CPU.ActiveCfg = Debug|Any CPU
		{673868B7-3ABD-4664-9F20-33DAB8ECCBD1}.Debug|Any CPU.Build.0 = Debug|Any CPU
		{673868B7-3ABD-4664-9F20-33DAB8ECCBD1}.Release|Any CPU.ActiveCfg = Release|Any CPU
		{673868B7-3ABD-4664-9F20-33DAB8ECCBD1}.Release|Any CPU.Build.0 = Release|Any CPU
		{3B92E4E6-6191-4DFB-B298-8C0803A6BECE}.Debug|Any CPU.ActiveCfg = Debug|Any CPU
		{3B92E4E6-6191-4DFB-B298-8C0803A6BECE}.Debug|Any CPU.Build.0 = Debug|Any CPU
		{3B92E4E6-6191-4DFB-B298-8C0803A6BECE}.Release|Any CPU.ActiveCfg = Release|Any CPU
		{3B92E4E6-6191-4DFB-B298-8C0803A6BECE}.Release|Any CPU.Build.0 = Release|Any CPU
		{9D86512E-6CB3-48DD-9EA0-F79FC4A107D7}.Debug|Any CPU.ActiveCfg = Debug|Any CPU
		{9D86512E-6CB3-48DD-9EA0-F79FC4A107D7}.Debug|Any CPU.Build.0 = Debug|Any CPU
		{9D86512E-6CB3-48DD-9EA0-F79FC4A107D7}.Release|Any CPU.ActiveCfg = Release|Any CPU
		{9D86512E-6CB3-48DD-9EA0-F79FC4A107D7}.Release|Any CPU.Build.0 = Release|Any CPU
		{FCF33479-A7D2-47DB-A46A-4DC72AB132F8}.Debug|Any CPU.ActiveCfg = Debug|Any CPU
		{FCF33479-A7D2-47DB-A46A-4DC72AB132F8}.Debug|Any CPU.Build.0 = Debug|Any CPU
		{FCF33479-A7D2-47DB-A46A-4DC72AB132F8}.Release|Any CPU.ActiveCfg = Release|Any CPU
		{FCF33479-A7D2-47DB-A46A-4DC72AB132F8}.Release|Any CPU.Build.0 = Release|Any CPU
	EndGlobalSection
	GlobalSection(SolutionProperties) = preSolution
		HideSolutionNode = FALSE
	EndGlobalSection
	GlobalSection(ExtensibilityGlobals) = postSolution
		SolutionGuid = {139E71A3-572C-4E56-9A9C-80A85BA607FB}
	EndGlobalSection
EndGlobal
